
Microsoft Visual Studio Solution File, Format Version 12.00
# Visual Studio Version 17
VisualStudioVersion = 17.2.32519.379
MinimumVisualStudioVersion = 10.0.40219.1
Project("{F184B08F-C81C-45F6-A57F-5ABD9991F28F}") = "Test", "Test.vbproj", "{1CA9E677-41CB-4FB8-A249-FE4C5C35F556}"
EndProject
Global
	GlobalSection(SolutionConfigurationPlatforms) = preSolution
		Debug|Any CPU = Debug|Any CPU
		Release|Any CPU = Release|Any CPU
	EndGlobalSection
	GlobalSection(ProjectConfigurationPlatforms) = postSolution
		{1CA9E677-41CB-4FB8-A249-FE4C5C35F556}.Debug|Any CPU.ActiveCfg = Debug|Any CPU
		{1CA9E677-41CB-4FB8-A249-FE4C5C35F556}.Debug|Any CPU.Build.0 = Debug|Any CPU
		{1CA9E677-41CB-4FB8-A249-FE4C5C35F556}.Release|Any CPU.ActiveCfg = Release|Any CPU
		{1CA9E677-41CB-4FB8-A249-FE4C5C35F556}.Release|Any CPU.Build.0 = Release|Any CPU
	EndGlobalSection
	GlobalSection(SolutionProperties) = preSolution
		HideSolutionNode = FALSE
	EndGlobalSection
	GlobalSection(ExtensibilityGlobals) = postSolution
		SolutionGuid = {E3507DBA-4059-4B80-A13F-A2756901490A}
	EndGlobalSection
EndGlobal
